// !$*UTF8*$!
{
	archiveVersion = 1;
	classes = {
	};
	objectVersion = 46;
	objects = {

/* Begin PBXBuildFile section */
		7712EBA61DE071980044E56F /* aircraft-laser.mp3 in Resources */ = {isa = PBXBuildFile; fileRef = 7712EB991DE071980044E56F /* aircraft-laser.mp3 */; };
		7712EBA71DE071980044E56F /* aircraft.png in Resources */ = {isa = PBXBuildFile; fileRef = 7712EB9A1DE071980044E56F /* aircraft.png */; };
		7712EBA81DE071980044E56F /* AppDelegate.swift in Sources */ = {isa = PBXBuildFile; fileRef = 7712EB9B1DE071980044E56F /* AppDelegate.swift */; };
		7712EBA91DE071980044E56F /* asteroids in Resources */ = {isa = PBXBuildFile; fileRef = 7712EB9C1DE071980044E56F /* asteroids */; };
		7712EBAA1DE071980044E56F /* GameScene.swift in Sources */ = {isa = PBXBuildFile; fileRef = 7712EB9D1DE071980044E56F /* GameScene.swift */; };
		7712EBAB1DE071980044E56F /* GameViewController.swift in Sources */ = {isa = PBXBuildFile; fileRef = 7712EB9E1DE071980044E56F /* GameViewController.swift */; };
		7712EBAC1DE071980044E56F /* Info.plist in Resources */ = {isa = PBXBuildFile; fileRef = 7712EB9F1DE071980044E56F /* Info.plist */; };
		7712EBAD1DE071980044E56F /* menu-bg.jpg in Resources */ = {isa = PBXBuildFile; fileRef = 7712EBA01DE071980044E56F /* menu-bg.jpg */; };
		7712EBAE1DE071980044E56F /* menu-bg.wav in Resources */ = {isa = PBXBuildFile; fileRef = 7712EBA11DE071980044E56F /* menu-bg.wav */; };
		7712EBAF1DE071980044E56F /* music-end.mp3 in Resources */ = {isa = PBXBuildFile; fileRef = 7712EBA21DE071980044E56F /* music-end.mp3 */; };
		7712EBB01DE071980044E56F /* music-loop.mp3 in Resources */ = {isa = PBXBuildFile; fileRef = 7712EBA31DE071980044E56F /* music-loop.mp3 */; };
		7712EBB11DE071980044E56F /* music-start.mp3 in Resources */ = {isa = PBXBuildFile; fileRef = 7712EBA41DE071980044E56F /* music-start.mp3 */; };
		7712EBB21DE071980044E56F /* space-bg.jpg in Resources */ = {isa = PBXBuildFile; fileRef = 7712EBA51DE071980044E56F /* space-bg.jpg */; };
		7712EBB71DE071C60044E56F /* LaunchScreen.storyboard in Resources */ = {isa = PBXBuildFile; fileRef = 7712EBB31DE071C60044E56F /* LaunchScreen.storyboard */; };
		7712EBB81DE071C60044E56F /* Main.storyboard in Resources */ = {isa = PBXBuildFile; fileRef = 7712EBB51DE071C60044E56F /* Main.storyboard */; };
/* End PBXBuildFile section */

/* Begin PBXFileReference section */
		7712EB991DE071980044E56F /* aircraft-laser.mp3 */ = {isa = PBXFileReference; lastKnownFileType = audio.mp3; name = "aircraft-laser.mp3"; path = "xwing-fight/aircraft-laser.mp3"; sourceTree = "<group>"; };
		7712EB9A1DE071980044E56F /* aircraft.png */ = {isa = PBXFileReference; lastKnownFileType = image.png; name = aircraft.png; path = "xwing-fight/aircraft.png"; sourceTree = "<group>"; };
		7712EB9B1DE071980044E56F /* AppDelegate.swift */ = {isa = PBXFileReference; fileEncoding = 4; lastKnownFileType = sourcecode.swift; name = AppDelegate.swift; path = "xwing-fight/AppDelegate.swift"; sourceTree = "<group>"; };
		7712EB9C1DE071980044E56F /* asteroids */ = {isa = PBXFileReference; lastKnownFileType = folder; name = asteroids; path = "xwing-fight/asteroids"; sourceTree = "<group>"; };
		7712EB9D1DE071980044E56F /* GameScene.swift */ = {isa = PBXFileReference; fileEncoding = 4; lastKnownFileType = sourcecode.swift; name = GameScene.swift; path = "xwing-fight/GameScene.swift"; sourceTree = "<group>"; };
		7712EB9E1DE071980044E56F /* GameViewController.swift */ = {isa = PBXFileReference; fileEncoding = 4; lastKnownFileType = sourcecode.swift; name = GameViewController.swift; path = "xwing-fight/GameViewController.swift"; sourceTree = "<group>"; };
		7712EB9F1DE071980044E56F /* Info.plist */ = {isa = PBXFileReference; fileEncoding = 4; lastKnownFileType = text.plist.xml; name = Info.plist; path = "xwing-fight/Info.plist"; sourceTree = "<group>"; };
		7712EBA01DE071980044E56F /* menu-bg.jpg */ = {isa = PBXFileReference; lastKnownFileType = image.jpeg; name = "menu-bg.jpg"; path = "xwing-fight/menu-bg.jpg"; sourceTree = "<group>"; };
		7712EBA11DE071980044E56F /* menu-bg.wav */ = {isa = PBXFileReference; lastKnownFileType = audio.wav; name = "menu-bg.wav"; path = "xwing-fight/menu-bg.wav"; sourceTree = "<group>"; };
		7712EBA21DE071980044E56F /* music-end.mp3 */ = {isa = PBXFileReference; lastKnownFileType = audio.mp3; name = "music-end.mp3"; path = "xwing-fight/music-end.mp3"; sourceTree = "<group>"; };
		7712EBA31DE071980044E56F /* music-loop.mp3 */ = {isa = PBXFileReference; lastKnownFileType = audio.mp3; name = "music-loop.mp3"; path = "xwing-fight/music-loop.mp3"; sourceTree = "<group>"; };
		7712EBA41DE071980044E56F /* music-start.mp3 */ = {isa = PBXFileReference; lastKnownFileType = audio.mp3; name = "music-start.mp3"; path = "xwing-fight/music-start.mp3"; sourceTree = "<group>"; };
		7712EBA51DE071980044E56F /* space-bg.jpg */ = {isa = PBXFileReference; lastKnownFileType = image.jpeg; name = "space-bg.jpg"; path = "xwing-fight/space-bg.jpg"; sourceTree = "<group>"; };
		7712EBB41DE071C60044E56F /* Base */ = {isa = PBXFileReference; lastKnownFileType = file.storyboard; name = Base; path = "xwing-fight/Base.lproj/LaunchScreen.storyboard"; sourceTree = "<group>"; };
		7712EBB61DE071C60044E56F /* Base */ = {isa = PBXFileReference; lastKnownFileType = file.storyboard; name = Base; path = "xwing-fight/Base.lproj/Main.storyboard"; sourceTree = "<group>"; };
		7741721B1DE0714B00079528 /* xwing-fight.app */ = {isa = PBXFileReference; explicitFileType = wrapper.application; includeInIndex = 0; path = "xwing-fight.app"; sourceTree = BUILT_PRODUCTS_DIR; };
/* End PBXFileReference section */

/* Begin PBXFrameworksBuildPhase section */
		770054731DBD2E280064FCAD /* Frameworks */ = {
			isa = PBXFrameworksBuildPhase;
			buildActionMask = 2147483647;
			files = (
			);
			runOnlyForDeploymentPostprocessing = 0;
		};
/* End PBXFrameworksBuildPhase section */

/* Begin PBXGroup section */
		7700546D1DBD2E280064FCAD = {
			isa = PBXGroup;
			children = (
				7712EBB31DE071C60044E56F /* LaunchScreen.storyboard */,
				7712EBB51DE071C60044E56F /* Main.storyboard */,
				7712EB991DE071980044E56F /* aircraft-laser.mp3 */,
				7712EB9A1DE071980044E56F /* aircraft.png */,
				7712EB9B1DE071980044E56F /* AppDelegate.swift */,
				7712EB9C1DE071980044E56F /* asteroids */,
				7712EB9D1DE071980044E56F /* GameScene.swift */,
				7712EB9E1DE071980044E56F /* GameViewController.swift */,
				7712EB9F1DE071980044E56F /* Info.plist */,
				7712EBA01DE071980044E56F /* menu-bg.jpg */,
				7712EBA11DE071980044E56F /* menu-bg.wav */,
				7712EBA21DE071980044E56F /* music-end.mp3 */,
				7712EBA31DE071980044E56F /* music-loop.mp3 */,
				7712EBA41DE071980044E56F /* music-start.mp3 */,
				7712EBA51DE071980044E56F /* space-bg.jpg */,
				7741721B1DE0714B00079528 /* xwing-fight.app */,
			);
			sourceTree = "<group>";
		};
/* End PBXGroup section */

/* Begin PBXNativeTarget section */
		770054751DBD2E280064FCAD /* xwing-fight */ = {
			isa = PBXNativeTarget;
			buildConfigurationList = 7700548E1DBD2E280064FCAD /* Build configuration list for PBXNativeTarget "xwing-fight" */;
			buildPhases = (
				770054721DBD2E280064FCAD /* Sources */,
				770054731DBD2E280064FCAD /* Frameworks */,
				770054741DBD2E280064FCAD /* Resources */,
			);
			buildRules = (
			);
			dependencies = (
			);
			name = "xwing-fight";
			productName = "xwing-fight";
			productReference = 7741721B1DE0714B00079528 /* xwing-fight.app */;
			productType = "com.apple.product-type.application";
		};
/* End PBXNativeTarget section */

/* Begin PBXProject section */
		7700546E1DBD2E280064FCAD /* Project object */ = {
			isa = PBXProject;
			attributes = {
				LastSwiftUpdateCheck = 0800;
				LastUpgradeCheck = 0810;
				ORGANIZATIONNAME = "puc-dev";
				TargetAttributes = {
					770054751DBD2E280064FCAD = {
						CreatedOnToolsVersion = 8.0;
						LastSwiftMigration = 0810;
						ProvisioningStyle = Automatic;
					};
				};
			};
			buildConfigurationList = 770054711DBD2E280064FCAD /* Build configuration list for PBXProject "xwing-fight" */;
			compatibilityVersion = "Xcode 3.2";
			developmentRegion = English;
			hasScannedForEncodings = 0;
			knownRegions = (
				en,
				Base,
			);
			mainGroup = 7700546D1DBD2E280064FCAD;
			productRefGroup = 7700546D1DBD2E280064FCAD;
			projectDirPath = "";
			projectRoot = "";
			targets = (
				770054751DBD2E280064FCAD /* xwing-fight */,
			);
		};
/* End PBXProject section */

/* Begin PBXResourcesBuildPhase section */
		770054741DBD2E280064FCAD /* Resources */ = {
			isa = PBXResourcesBuildPhase;
			buildActionMask = 2147483647;
			files = (
				7712EBAD1DE071980044E56F /* menu-bg.jpg in Resources */,
				7712EBB21DE071980044E56F /* space-bg.jpg in Resources */,
				7712EBAC1DE071980044E56F /* Info.plist in Resources */,
				7712EBB81DE071C60044E56F /* Main.storyboard in Resources */,
				7712EBAE1DE071980044E56F /* menu-bg.wav in Resources */,
				7712EBA61DE071980044E56F /* aircraft-laser.mp3 in Resources */,
				7712EBB11DE071980044E56F /* music-start.mp3 in Resources */,
				7712EBB01DE071980044E56F /* music-loop.mp3 in Resources */,
				7712EBA91DE071980044E56F /* asteroids in Resources */,
				7712EBAF1DE071980044E56F /* music-end.mp3 in Resources */,
				7712EBB71DE071C60044E56F /* LaunchScreen.storyboard in Resources */,
				7712EBA71DE071980044E56F /* aircraft.png in Resources */,
			);
			runOnlyForDeploymentPostprocessing = 0;
		};
/* End PBXResourcesBuildPhase section */

/* Begin PBXSourcesBuildPhase section */
		770054721DBD2E280064FCAD /* Sources */ = {
			isa = PBXSourcesBuildPhase;
			buildActionMask = 2147483647;
			files = (
				7712EBAA1DE071980044E56F /* GameScene.swift in Sources */,
				7712EBAB1DE071980044E56F /* GameViewController.swift in Sources */,
				7712EBA81DE071980044E56F /* AppDelegate.swift in Sources */,
			);
			runOnlyForDeploymentPostprocessing = 0;
		};
/* End PBXSourcesBuildPhase section */

/* Begin PBXVariantGroup section */
		7712EBB31DE071C60044E56F /* LaunchScreen.storyboard */ = {
			isa = PBXVariantGroup;
			children = (
				7712EBB41DE071C60044E56F /* Base */,
			);
			name = LaunchScreen.storyboard;
			sourceTree = "<group>";
		};
		7712EBB51DE071C60044E56F /* Main.storyboard */ = {
			isa = PBXVariantGroup;
			children = (
				7712EBB61DE071C60044E56F /* Base */,
			);
			name = Main.storyboard;
			sourceTree = "<group>";
		};
/* End PBXVariantGroup section */

/* Begin XCBuildConfiguration section */
		7700548C1DBD2E280064FCAD /* Debug */ = {
			isa = XCBuildConfiguration;
			buildSettings = {
				ALWAYS_SEARCH_USER_PATHS = NO;
				CLANG_ANALYZER_NONNULL = YES;
				CLANG_CXX_LANGUAGE_STANDARD = "gnu++0x";
				CLANG_CXX_LIBRARY = "libc++";
				CLANG_ENABLE_MODULES = YES;
				CLANG_ENABLE_OBJC_ARC = YES;
				CLANG_WARN_BOOL_CONVERSION = YES;
				CLANG_WARN_CONSTANT_CONVERSION = YES;
				CLANG_WARN_DIRECT_OBJC_ISA_USAGE = YES_ERROR;
				CLANG_WARN_DOCUMENTATION_COMMENTS = YES;
				CLANG_WARN_EMPTY_BODY = YES;
				CLANG_WARN_ENUM_CONVERSION = YES;
				CLANG_WARN_INFINITE_RECURSION = YES;
				CLANG_WARN_INT_CONVERSION = YES;
				CLANG_WARN_OBJC_ROOT_CLASS = YES_ERROR;
				CLANG_WARN_SUSPICIOUS_MOVE = YES;
				CLANG_WARN_SUSPICIOUS_MOVES = YES;
				CLANG_WARN_UNREACHABLE_CODE = YES;
				CLANG_WARN__DUPLICATE_METHOD_MATCH = YES;
				"CODE_SIGN_IDENTITY[sdk=iphoneos*]" = "iPhone Developer";
				COPY_PHASE_STRIP = NO;
				DEBUG_INFORMATION_FORMAT = dwarf;
				ENABLE_STRICT_OBJC_MSGSEND = YES;
				ENABLE_TESTABILITY = YES;
				GCC_C_LANGUAGE_STANDARD = gnu99;
				GCC_DYNAMIC_NO_PIC = NO;
				GCC_NO_COMMON_BLOCKS = YES;
				GCC_OPTIMIZATION_LEVEL = 0;
				GCC_PREPROCESSOR_DEFINITIONS = (
					"DEBUG=1",
					"$(inherited)",
				);
				GCC_WARN_64_TO_32_BIT_CONVERSION = YES;
				GCC_WARN_ABOUT_RETURN_TYPE = YES_ERROR;
				GCC_WARN_UNDECLARED_SELECTOR = YES;
				GCC_WARN_UNINITIALIZED_AUTOS = YES_AGGRESSIVE;
				GCC_WARN_UNUSED_FUNCTION = YES;
				GCC_WARN_UNUSED_VARIABLE = YES;
				IPHONEOS_DEPLOYMENT_TARGET = 10.0;
				MTL_ENABLE_DEBUG_INFO = YES;
				ONLY_ACTIVE_ARCH = YES;
				SDKROOT = iphoneos;
				SWIFT_ACTIVE_COMPILATION_CONDITIONS = DEBUG;
				SWIFT_OPTIMIZATION_LEVEL = "-Onone";
			};
			name = Debug;
		};
		7700548D1DBD2E280064FCAD /* Release */ = {
			isa = XCBuildConfiguration;
			buildSettings = {
				ALWAYS_SEARCH_USER_PATHS = NO;
				CLANG_ANALYZER_NONNULL = YES;
				CLANG_CXX_LANGUAGE_STANDARD = "gnu++0x";
				CLANG_CXX_LIBRARY = "libc++";
				CLANG_ENABLE_MODULES = YES;
				CLANG_ENABLE_OBJC_ARC = YES;
				CLANG_WARN_BOOL_CONVERSION = YES;
				CLANG_WARN_CONSTANT_CONVERSION = YES;
				CLANG_WARN_DIRECT_OBJC_ISA_USAGE = YES_ERROR;
				CLANG_WARN_DOCUMENTATION_COMMENTS = YES;
				CLANG_WARN_EMPTY_BODY = YES;
				CLANG_WARN_ENUM_CONVERSION = YES;
				CLANG_WARN_INFINITE_RECURSION = YES;
				CLANG_WARN_INT_CONVERSION = YES;
				CLANG_WARN_OBJC_ROOT_CLASS = YES_ERROR;
				CLANG_WARN_SUSPICIOUS_MOVE = YES;
				CLANG_WARN_SUSPICIOUS_MOVES = YES;
				CLANG_WARN_UNREACHABLE_CODE = YES;
				CLANG_WARN__DUPLICATE_METHOD_MATCH = YES;
				"CODE_SIGN_IDENTITY[sdk=iphoneos*]" = "iPhone Developer";
				COPY_PHASE_STRIP = NO;
				DEBUG_INFORMATION_FORMAT = "dwarf-with-dsym";
				ENABLE_NS_ASSERTIONS = NO;
				ENABLE_STRICT_OBJC_MSGSEND = YES;
				GCC_C_LANGUAGE_STANDARD = gnu99;
				GCC_NO_COMMON_BLOCKS = YES;
				GCC_WARN_64_TO_32_BIT_CONVERSION = YES;
				GCC_WARN_ABOUT_RETURN_TYPE = YES_ERROR;
				GCC_WARN_UNDECLARED_SELECTOR = YES;
				GCC_WARN_UNINITIALIZED_AUTOS = YES_AGGRESSIVE;
				GCC_WARN_UNUSED_FUNCTION = YES;
				GCC_WARN_UNUSED_VARIABLE = YES;
				IPHONEOS_DEPLOYMENT_TARGET = 10.0;
				MTL_ENABLE_DEBUG_INFO = NO;
				SDKROOT = iphoneos;
				SWIFT_OPTIMIZATION_LEVEL = "-Owholemodule";
				VALIDATE_PRODUCT = YES;
			};
			name = Release;
		};
		7700548F1DBD2E280064FCAD /* Debug */ = {
			isa = XCBuildConfiguration;
			buildSettings = {
				ASSETCATALOG_COMPILER_APPICON_NAME = AppIcon;
				CLANG_ENABLE_MODULES = YES;
				INFOPLIST_FILE = "xwing-fight/Info.plist";
				LD_RUNPATH_SEARCH_PATHS = "$(inherited) @executable_path/Frameworks";
				PRODUCT_BUNDLE_IDENTIFIER = "com.xwing.xwing-fight";
				PRODUCT_NAME = "$(TARGET_NAME)";
				SWIFT_OPTIMIZATION_LEVEL = "-Onone";
				SWIFT_VERSION = 3.0;
			};
			name = Debug;
		};
		770054901DBD2E280064FCAD /* Release */ = {
			isa = XCBuildConfiguration;
			buildSettings = {
				ASSETCATALOG_COMPILER_APPICON_NAME = AppIcon;
				CLANG_ENABLE_MODULES = YES;
				INFOPLIST_FILE = "xwing-fight/Info.plist";
				LD_RUNPATH_SEARCH_PATHS = "$(inherited) @executable_path/Frameworks";
				PRODUCT_BUNDLE_IDENTIFIER = "com.xwing.xwing-fight";
				PRODUCT_NAME = "$(TARGET_NAME)";
				SWIFT_VERSION = 3.0;
			};
			name = Release;
		};
/* End XCBuildConfiguration section */

/* Begin XCConfigurationList section */
		770054711DBD2E280064FCAD /* Build configuration list for PBXProject "xwing-fight" */ = {
			isa = XCConfigurationList;
			buildConfigurations = (
				7700548C1DBD2E280064FCAD /* Debug */,
				7700548D1DBD2E280064FCAD /* Release */,
			);
			defaultConfigurationIsVisible = 0;
			defaultConfigurationName = Release;
		};
		7700548E1DBD2E280064FCAD /* Build configuration list for PBXNativeTarget "xwing-fight" */ = {
			isa = XCConfigurationList;
			buildConfigurations = (
				7700548F1DBD2E280064FCAD /* Debug */,
				770054901DBD2E280064FCAD /* Release */,
			);
			defaultConfigurationIsVisible = 0;
			defaultConfigurationName = Release;
		};
/* End XCConfigurationList section */
	};
	rootObject = 7700546E1DBD2E280064FCAD /* Project object */;
}
